
Microsoft Visual Studio Solution File, Format Version 12.00
# Visual Studio Version 16
VisualStudioVersion = 16.0.31729.503
MinimumVisualStudioVersion = 10.0.40219.1
Project("{9A19103F-16F7-4668-BE54-9A1E7A4F7556}") = "LNU Test Portal.Web", "LNU Test Portal\LNU Test Portal.Web.csproj", "{4D3313BD-8981-4161-AAC0-7DB8D797FFF8}"
EndProject
Project("{9A19103F-16F7-4668-BE54-9A1E7A4F7556}") = "TestProject1", "TestProject1\TestProject1.csproj", "{80CC3BB3-CE84-42CC-9C3E-AF3AAB6BA6E7}"
EndProject
Project("{9A19103F-16F7-4668-BE54-9A1E7A4F7556}") = "BLL", "LNU Test Portal.BLL\BLL.csproj", "{17AB0755-EC5A-4FB5-A04E-0997B96B9E53}"
EndProject
Project("{9A19103F-16F7-4668-BE54-9A1E7A4F7556}") = "DAL", "LNU Test Portal.DAL\DAL.csproj", "{C8A45940-8EE5-4855-812D-745154C0F667}"
EndProject
Global
	GlobalSection(SolutionConfigurationPlatforms) = preSolution
		Debug|Any CPU = Debug|Any CPU
		Release|Any CPU = Release|Any CPU
	EndGlobalSection
	GlobalSection(ProjectConfigurationPlatforms) = postSolution
		{4D3313BD-8981-4161-AAC0-7DB8D797FFF8}.Debug|Any CPU.ActiveCfg = Debug|Any CPU
		{4D3313BD-8981-4161-AAC0-7DB8D797FFF8}.Debug|Any CPU.Build.0 = Debug|Any CPU
		{4D3313BD-8981-4161-AAC0-7DB8D797FFF8}.Release|Any CPU.ActiveCfg = Release|Any CPU
		{4D3313BD-8981-4161-AAC0-7DB8D797FFF8}.Release|Any CPU.Build.0 = Release|Any CPU
		{80CC3BB3-CE84-42CC-9C3E-AF3AAB6BA6E7}.Debug|Any CPU.ActiveCfg = Debug|Any CPU
		{80CC3BB3-CE84-42CC-9C3E-AF3AAB6BA6E7}.Debug|Any CPU.Build.0 = Debug|Any CPU
		{80CC3BB3-CE84-42CC-9C3E-AF3AAB6BA6E7}.Release|Any CPU.ActiveCfg = Release|Any CPU
		{80CC3BB3-CE84-42CC-9C3E-AF3AAB6BA6E7}.Release|Any CPU.Build.0 = Release|Any CPU
		{17AB0755-EC5A-4FB5-A04E-0997B96B9E53}.Debug|Any CPU.ActiveCfg = Debug|Any CPU
		{17AB0755-EC5A-4FB5-A04E-0997B96B9E53}.Debug|Any CPU.Build.0 = Debug|Any CPU
		{17AB0755-EC5A-4FB5-A04E-0997B96B9E53}.Release|Any CPU.ActiveCfg = Release|Any CPU
		{17AB0755-EC5A-4FB5-A04E-0997B96B9E53}.Release|Any CPU.Build.0 = Release|Any CPU
		{C8A45940-8EE5-4855-812D-745154C0F667}.Debug|Any CPU.ActiveCfg = Debug|Any CPU
		{C8A45940-8EE5-4855-812D-745154C0F667}.Debug|Any CPU.Build.0 = Debug|Any CPU
		{C8A45940-8EE5-4855-812D-745154C0F667}.Release|Any CPU.ActiveCfg = Release|Any CPU
		{C8A45940-8EE5-4855-812D-745154C0F667}.Release|Any CPU.Build.0 = Release|Any CPU
	EndGlobalSection
	GlobalSection(SolutionProperties) = preSolution
		HideSolutionNode = FALSE
	EndGlobalSection
	GlobalSection(ExtensibilityGlobals) = postSolution
		SolutionGuid = {209F50EB-A75C-4526-837A-8FD99968C79E}
	EndGlobalSection
EndGlobal
