
Microsoft Visual Studio Solution File, Format Version 12.00
# Visual Studio Version 16
VisualStudioVersion = 16.0.31729.503
MinimumVisualStudioVersion = 10.0.40219.1
Project("{9A19103F-16F7-4668-BE54-9A1E7A4F7556}") = "Presentation", "LNU Test Portal\Presentation.csproj", "{4D3313BD-8981-4161-AAC0-7DB8D797FFF8}"
EndProject
Project("{9A19103F-16F7-4668-BE54-9A1E7A4F7556}") = "TestProject1", "TestProject1\TestProject1.csproj", "{80CC3BB3-CE84-42CC-9C3E-AF3AAB6BA6E7}"
EndProject
Project("{FAE04EC0-301F-11D3-BF4B-00C04F79EFBC}") = "Business Logic Layer", "Business Layer\Business Logic Layer.csproj", "{1CE4C058-8552-4AF1-96BC-761B65227C09}"
EndProject
Project("{FAE04EC0-301F-11D3-BF4B-00C04F79EFBC}") = "Data Access Layer", "Data Access Layer\Data Access Layer.csproj", "{0B1F8AB5-A3A1-48E1-B254-6AFEFD083FAF}"
EndProject
Global
	GlobalSection(SolutionConfigurationPlatforms) = preSolution
		Debug|Any CPU = Debug|Any CPU
		Release|Any CPU = Release|Any CPU
	EndGlobalSection
	GlobalSection(ProjectConfigurationPlatforms) = postSolution
		{4D3313BD-8981-4161-AAC0-7DB8D797FFF8}.Debug|Any CPU.ActiveCfg = Debug|Any CPU
		{4D3313BD-8981-4161-AAC0-7DB8D797FFF8}.Debug|Any CPU.Build.0 = Debug|Any CPU
		{4D3313BD-8981-4161-AAC0-7DB8D797FFF8}.Release|Any CPU.ActiveCfg = Release|Any CPU
		{4D3313BD-8981-4161-AAC0-7DB8D797FFF8}.Release|Any CPU.Build.0 = Release|Any CPU
		{80CC3BB3-CE84-42CC-9C3E-AF3AAB6BA6E7}.Debug|Any CPU.ActiveCfg = Debug|Any CPU
		{80CC3BB3-CE84-42CC-9C3E-AF3AAB6BA6E7}.Debug|Any CPU.Build.0 = Debug|Any CPU
		{80CC3BB3-CE84-42CC-9C3E-AF3AAB6BA6E7}.Release|Any CPU.ActiveCfg = Release|Any CPU
		{80CC3BB3-CE84-42CC-9C3E-AF3AAB6BA6E7}.Release|Any CPU.Build.0 = Release|Any CPU
		{1CE4C058-8552-4AF1-96BC-761B65227C09}.Debug|Any CPU.ActiveCfg = Debug|Any CPU
		{1CE4C058-8552-4AF1-96BC-761B65227C09}.Debug|Any CPU.Build.0 = Debug|Any CPU
		{1CE4C058-8552-4AF1-96BC-761B65227C09}.Release|Any CPU.ActiveCfg = Release|Any CPU
		{1CE4C058-8552-4AF1-96BC-761B65227C09}.Release|Any CPU.Build.0 = Release|Any CPU
		{0B1F8AB5-A3A1-48E1-B254-6AFEFD083FAF}.Debug|Any CPU.ActiveCfg = Debug|Any CPU
		{0B1F8AB5-A3A1-48E1-B254-6AFEFD083FAF}.Debug|Any CPU.Build.0 = Debug|Any CPU
		{0B1F8AB5-A3A1-48E1-B254-6AFEFD083FAF}.Release|Any CPU.ActiveCfg = Release|Any CPU
		{0B1F8AB5-A3A1-48E1-B254-6AFEFD083FAF}.Release|Any CPU.Build.0 = Release|Any CPU
	EndGlobalSection
	GlobalSection(SolutionProperties) = preSolution
		HideSolutionNode = FALSE
	EndGlobalSection
	GlobalSection(ExtensibilityGlobals) = postSolution
		SolutionGuid = {209F50EB-A75C-4526-837A-8FD99968C79E}
	EndGlobalSection
EndGlobal
